
Microsoft Visual Studio Solution File, Format Version 12.00
Project("{FAE04EC0-301F-11D3-BF4B-00C04F79EFBC}") = "GoRest.Api.Tests", "GoRest.Api.Tests\GoRest.Api.Tests.csproj", "{B597B829-4B40-4966-9536-5428F1C2AC48}"
EndProject
Project("{FAE04EC0-301F-11D3-BF4B-00C04F79EFBC}") = "GoRest.Api.Client", "GoRest.Api.Client\GoRest.Api.Client.csproj", "{1FDEEA32-0B4C-4A19-B471-B1B56E0EABF9}"
EndProject
Global
	GlobalSection(SolutionConfigurationPlatforms) = preSolution
		Debug|Any CPU = Debug|Any CPU
		Release|Any CPU = Release|Any CPU
	EndGlobalSection
	GlobalSection(ProjectConfigurationPlatforms) = postSolution
		{B597B829-4B40-4966-9536-5428F1C2AC48}.Debug|Any CPU.ActiveCfg = Debug|Any CPU
		{B597B829-4B40-4966-9536-5428F1C2AC48}.Debug|Any CPU.Build.0 = Debug|Any CPU
		{B597B829-4B40-4966-9536-5428F1C2AC48}.Release|Any CPU.ActiveCfg = Release|Any CPU
		{B597B829-4B40-4966-9536-5428F1C2AC48}.Release|Any CPU.Build.0 = Release|Any CPU
		{1FDEEA32-0B4C-4A19-B471-B1B56E0EABF9}.Debug|Any CPU.ActiveCfg = Debug|Any CPU
		{1FDEEA32-0B4C-4A19-B471-B1B56E0EABF9}.Debug|Any CPU.Build.0 = Debug|Any CPU
		{1FDEEA32-0B4C-4A19-B471-B1B56E0EABF9}.Release|Any CPU.ActiveCfg = Release|Any CPU
		{1FDEEA32-0B4C-4A19-B471-B1B56E0EABF9}.Release|Any CPU.Build.0 = Release|Any CPU
	EndGlobalSection
EndGlobal
